// !$*UTF8*$!
{
	archiveVersion = 1;
	classes = {
	};
	objectVersion = 46;
	objects = {

/* Begin PBXBuildFile section */
		0A5E85615E135B397D1E6DBD /* Pods_Swift_CleanArchitectureUITests.framework in Frameworks */ = {isa = PBXBuildFile; fileRef = 4784D741F383A6F5173B85A1 /* Pods_Swift_CleanArchitectureUITests.framework */; };
		29A909DC1E0B2595000F6363 /* UserRepository.swift in Sources */ = {isa = PBXBuildFile; fileRef = 29A909DB1E0B2595000F6363 /* UserRepository.swift */; };
		29A909DE1E0B2744000F6363 /* UseCase.swift in Sources */ = {isa = PBXBuildFile; fileRef = 29A909DD1E0B2744000F6363 /* UseCase.swift */; };
		29A909E01E0B3048000F6363 /* GetUserList.swift in Sources */ = {isa = PBXBuildFile; fileRef = 29A909DF1E0B3048000F6363 /* GetUserList.swift */; };
		29A909E51E0B31C5000F6363 /* UserDataRepository.swift in Sources */ = {isa = PBXBuildFile; fileRef = 29A909E41E0B31C5000F6363 /* UserDataRepository.swift */; };
		29A909E71E0B3231000F6363 /* UserDataStore.swift in Sources */ = {isa = PBXBuildFile; fileRef = 29A909E61E0B3231000F6363 /* UserDataStore.swift */; };
		29A909E91E0B32DD000F6363 /* CloudUserDataStore.swift in Sources */ = {isa = PBXBuildFile; fileRef = 29A909E81E0B32DD000F6363 /* CloudUserDataStore.swift */; };
		29A909EB1E0B336E000F6363 /* UserDataStoreFactory.swift in Sources */ = {isa = PBXBuildFile; fileRef = 29A909EA1E0B336E000F6363 /* UserDataStoreFactory.swift */; };
		29A909ED1E0B3443000F6363 /* RestApi.swift in Sources */ = {isa = PBXBuildFile; fileRef = 29A909EC1E0B3443000F6363 /* RestApi.swift */; };
		29A909EF1E0B3459000F6363 /* ApiConnection.swift in Sources */ = {isa = PBXBuildFile; fileRef = 29A909EE1E0B3459000F6363 /* ApiConnection.swift */; };
		29A909F11E0B34BF000F6363 /* RestApiImpl.swift in Sources */ = {isa = PBXBuildFile; fileRef = 29A909F01E0B34BF000F6363 /* RestApiImpl.swift */; };
		29A909F31E0B4185000F6363 /* DefaultSubscriber.swift in Sources */ = {isa = PBXBuildFile; fileRef = 29A909F21E0B4185000F6363 /* DefaultSubscriber.swift */; };
		29ABDE761E0AABF50037109B /* AppDelegate.swift in Sources */ = {isa = PBXBuildFile; fileRef = 29ABDE751E0AABF50037109B /* AppDelegate.swift */; };
		29ABDE781E0AABF50037109B /* ViewController.swift in Sources */ = {isa = PBXBuildFile; fileRef = 29ABDE771E0AABF50037109B /* ViewController.swift */; };
		29ABDE7B1E0AABF50037109B /* Main.storyboard in Resources */ = {isa = PBXBuildFile; fileRef = 29ABDE791E0AABF50037109B /* Main.storyboard */; };
		29ABDE7D1E0AABF50037109B /* Assets.xcassets in Resources */ = {isa = PBXBuildFile; fileRef = 29ABDE7C1E0AABF50037109B /* Assets.xcassets */; };
		29ABDE801E0AABF50037109B /* LaunchScreen.storyboard in Resources */ = {isa = PBXBuildFile; fileRef = 29ABDE7E1E0AABF50037109B /* LaunchScreen.storyboard */; };
		29ABDE8B1E0AABF50037109B /* Swift_CleanArchitectureTests.swift in Sources */ = {isa = PBXBuildFile; fileRef = 29ABDE8A1E0AABF50037109B /* Swift_CleanArchitectureTests.swift */; };
		29ABDE961E0AABF50037109B /* Swift_CleanArchitectureUITests.swift in Sources */ = {isa = PBXBuildFile; fileRef = 29ABDE951E0AABF50037109B /* Swift_CleanArchitectureUITests.swift */; };
		29ABDEAA1E0ACB940037109B /* ApplicationAssembly.swift in Sources */ = {isa = PBXBuildFile; fileRef = 29ABDEA91E0ACB940037109B /* ApplicationAssembly.swift */; };
		29ABDEAC1E0AD1E40037109B /* UserListPresenter.swift in Sources */ = {isa = PBXBuildFile; fileRef = 29ABDEAB1E0AD1E40037109B /* UserListPresenter.swift */; };
		29ABDEAE1E0B18B90037109B /* LoadingDataView.swift in Sources */ = {isa = PBXBuildFile; fileRef = 29ABDEAD1E0B18B90037109B /* LoadingDataView.swift */; };
		29ABDEB01E0B1B030037109B /* UserListView.swift in Sources */ = {isa = PBXBuildFile; fileRef = 29ABDEAF1E0B1B030037109B /* UserListView.swift */; };
		29ABDEB21E0B1BA70037109B /* Presenter.swift in Sources */ = {isa = PBXBuildFile; fileRef = 29ABDEB11E0B1BA70037109B /* Presenter.swift */; };
		29ABDEB71E0B20F90037109B /* User.swift in Sources */ = {isa = PBXBuildFile; fileRef = 29ABDEB61E0B20F90037109B /* User.swift */; };
		496610B12ABC5139BA174727 /* Pods_Swift_CleanArchitectureTests.framework in Frameworks */ = {isa = PBXBuildFile; fileRef = 135849D9EDD4246D38EC39CE /* Pods_Swift_CleanArchitectureTests.framework */; };
		DA00117F4045697A40C2809A /* Pods_Swift_CleanArchitecture.framework in Frameworks */ = {isa = PBXBuildFile; fileRef = D8B1C9BB6113D201C16A4F7F /* Pods_Swift_CleanArchitecture.framework */; };
/* End PBXBuildFile section */

/* Begin PBXContainerItemProxy section */
		29ABDE871E0AABF50037109B /* PBXContainerItemProxy */ = {
			isa = PBXContainerItemProxy;
			containerPortal = 29ABDE6A1E0AABF50037109B /* Project object */;
			proxyType = 1;
			remoteGlobalIDString = 29ABDE711E0AABF50037109B;
			remoteInfo = "Swift-CleanArchitecture";
		};
		29ABDE921E0AABF50037109B /* PBXContainerItemProxy */ = {
			isa = PBXContainerItemProxy;
			containerPortal = 29ABDE6A1E0AABF50037109B /* Project object */;
			proxyType = 1;
			remoteGlobalIDString = 29ABDE711E0AABF50037109B;
			remoteInfo = "Swift-CleanArchitecture";
		};
/* End PBXContainerItemProxy section */

/* Begin PBXFileReference section */
		135849D9EDD4246D38EC39CE /* Pods_Swift_CleanArchitectureTests.framework */ = {isa = PBXFileReference; explicitFileType = wrapper.framework; includeInIndex = 0; path = Pods_Swift_CleanArchitectureTests.framework; sourceTree = BUILT_PRODUCTS_DIR; };
		1F69FDAFD6ACD3DAF73D0F4F /* Pods-Swift-CleanArchitectureTests.release.xcconfig */ = {isa = PBXFileReference; includeInIndex = 1; lastKnownFileType = text.xcconfig; name = "Pods-Swift-CleanArchitectureTests.release.xcconfig"; path = "Pods/Target Support Files/Pods-Swift-CleanArchitectureTests/Pods-Swift-CleanArchitectureTests.release.xcconfig"; sourceTree = "<group>"; };
		29A909DB1E0B2595000F6363 /* UserRepository.swift */ = {isa = PBXFileReference; fileEncoding = 4; lastKnownFileType = sourcecode.swift; path = UserRepository.swift; sourceTree = "<group>"; };
		29A909DD1E0B2744000F6363 /* UseCase.swift */ = {isa = PBXFileReference; fileEncoding = 4; lastKnownFileType = sourcecode.swift; path = UseCase.swift; sourceTree = "<group>"; };
		29A909DF1E0B3048000F6363 /* GetUserList.swift */ = {isa = PBXFileReference; fileEncoding = 4; lastKnownFileType = sourcecode.swift; path = GetUserList.swift; sourceTree = "<group>"; };
		29A909E41E0B31C5000F6363 /* UserDataRepository.swift */ = {isa = PBXFileReference; fileEncoding = 4; lastKnownFileType = sourcecode.swift; path = UserDataRepository.swift; sourceTree = "<group>"; };
		29A909E61E0B3231000F6363 /* UserDataStore.swift */ = {isa = PBXFileReference; fileEncoding = 4; lastKnownFileType = sourcecode.swift; path = UserDataStore.swift; sourceTree = "<group>"; };
		29A909E81E0B32DD000F6363 /* CloudUserDataStore.swift */ = {isa = PBXFileReference; fileEncoding = 4; lastKnownFileType = sourcecode.swift; path = CloudUserDataStore.swift; sourceTree = "<group>"; };
		29A909EA1E0B336E000F6363 /* UserDataStoreFactory.swift */ = {isa = PBXFileReference; fileEncoding = 4; lastKnownFileType = sourcecode.swift; path = UserDataStoreFactory.swift; sourceTree = "<group>"; };
		29A909EC1E0B3443000F6363 /* RestApi.swift */ = {isa = PBXFileReference; fileEncoding = 4; lastKnownFileType = sourcecode.swift; path = RestApi.swift; sourceTree = "<group>"; };
		29A909EE1E0B3459000F6363 /* ApiConnection.swift */ = {isa = PBXFileReference; fileEncoding = 4; lastKnownFileType = sourcecode.swift; path = ApiConnection.swift; sourceTree = "<group>"; };
		29A909F01E0B34BF000F6363 /* RestApiImpl.swift */ = {isa = PBXFileReference; fileEncoding = 4; lastKnownFileType = sourcecode.swift; path = RestApiImpl.swift; sourceTree = "<group>"; };
		29A909F21E0B4185000F6363 /* DefaultSubscriber.swift */ = {isa = PBXFileReference; fileEncoding = 4; lastKnownFileType = sourcecode.swift; path = DefaultSubscriber.swift; sourceTree = "<group>"; };
		29ABDE721E0AABF50037109B /* Swift-CleanArchitecture.app */ = {isa = PBXFileReference; explicitFileType = wrapper.application; includeInIndex = 0; path = "Swift-CleanArchitecture.app"; sourceTree = BUILT_PRODUCTS_DIR; };
		29ABDE751E0AABF50037109B /* AppDelegate.swift */ = {isa = PBXFileReference; lastKnownFileType = sourcecode.swift; path = AppDelegate.swift; sourceTree = "<group>"; };
		29ABDE771E0AABF50037109B /* ViewController.swift */ = {isa = PBXFileReference; lastKnownFileType = sourcecode.swift; path = ViewController.swift; sourceTree = "<group>"; };
		29ABDE7A1E0AABF50037109B /* Base */ = {isa = PBXFileReference; lastKnownFileType = file.storyboard; name = Base; path = Base.lproj/Main.storyboard; sourceTree = "<group>"; };
		29ABDE7C1E0AABF50037109B /* Assets.xcassets */ = {isa = PBXFileReference; lastKnownFileType = folder.assetcatalog; path = Assets.xcassets; sourceTree = "<group>"; };
		29ABDE7F1E0AABF50037109B /* Base */ = {isa = PBXFileReference; lastKnownFileType = file.storyboard; name = Base; path = Base.lproj/LaunchScreen.storyboard; sourceTree = "<group>"; };
		29ABDE811E0AABF50037109B /* Info.plist */ = {isa = PBXFileReference; lastKnownFileType = text.plist.xml; path = Info.plist; sourceTree = "<group>"; };
		29ABDE861E0AABF50037109B /* Swift-CleanArchitectureTests.xctest */ = {isa = PBXFileReference; explicitFileType = wrapper.cfbundle; includeInIndex = 0; path = "Swift-CleanArchitectureTests.xctest"; sourceTree = BUILT_PRODUCTS_DIR; };
		29ABDE8A1E0AABF50037109B /* Swift_CleanArchitectureTests.swift */ = {isa = PBXFileReference; lastKnownFileType = sourcecode.swift; path = Swift_CleanArchitectureTests.swift; sourceTree = "<group>"; };
		29ABDE8C1E0AABF50037109B /* Info.plist */ = {isa = PBXFileReference; lastKnownFileType = text.plist.xml; path = Info.plist; sourceTree = "<group>"; };
		29ABDE911E0AABF50037109B /* Swift-CleanArchitectureUITests.xctest */ = {isa = PBXFileReference; explicitFileType = wrapper.cfbundle; includeInIndex = 0; path = "Swift-CleanArchitectureUITests.xctest"; sourceTree = BUILT_PRODUCTS_DIR; };
		29ABDE951E0AABF50037109B /* Swift_CleanArchitectureUITests.swift */ = {isa = PBXFileReference; lastKnownFileType = sourcecode.swift; path = Swift_CleanArchitectureUITests.swift; sourceTree = "<group>"; };
		29ABDE971E0AABF50037109B /* Info.plist */ = {isa = PBXFileReference; lastKnownFileType = text.plist.xml; path = Info.plist; sourceTree = "<group>"; };
		29ABDEA91E0ACB940037109B /* ApplicationAssembly.swift */ = {isa = PBXFileReference; fileEncoding = 4; lastKnownFileType = sourcecode.swift; path = ApplicationAssembly.swift; sourceTree = "<group>"; };
		29ABDEAB1E0AD1E40037109B /* UserListPresenter.swift */ = {isa = PBXFileReference; fileEncoding = 4; lastKnownFileType = sourcecode.swift; path = UserListPresenter.swift; sourceTree = "<group>"; };
		29ABDEAD1E0B18B90037109B /* LoadingDataView.swift */ = {isa = PBXFileReference; fileEncoding = 4; lastKnownFileType = sourcecode.swift; path = LoadingDataView.swift; sourceTree = "<group>"; };
		29ABDEAF1E0B1B030037109B /* UserListView.swift */ = {isa = PBXFileReference; fileEncoding = 4; lastKnownFileType = sourcecode.swift; path = UserListView.swift; sourceTree = "<group>"; };
		29ABDEB11E0B1BA70037109B /* Presenter.swift */ = {isa = PBXFileReference; fileEncoding = 4; lastKnownFileType = sourcecode.swift; path = Presenter.swift; sourceTree = "<group>"; };
		29ABDEB61E0B20F90037109B /* User.swift */ = {isa = PBXFileReference; fileEncoding = 4; lastKnownFileType = sourcecode.swift; path = User.swift; sourceTree = "<group>"; };
		4784D741F383A6F5173B85A1 /* Pods_Swift_CleanArchitectureUITests.framework */ = {isa = PBXFileReference; explicitFileType = wrapper.framework; includeInIndex = 0; path = Pods_Swift_CleanArchitectureUITests.framework; sourceTree = BUILT_PRODUCTS_DIR; };
		48B0F14D1D5ACAC03439FD4C /* Pods-Swift-CleanArchitectureUITests.debug.xcconfig */ = {isa = PBXFileReference; includeInIndex = 1; lastKnownFileType = text.xcconfig; name = "Pods-Swift-CleanArchitectureUITests.debug.xcconfig"; path = "Pods/Target Support Files/Pods-Swift-CleanArchitectureUITests/Pods-Swift-CleanArchitectureUITests.debug.xcconfig"; sourceTree = "<group>"; };
		55BB2A2C9E7B080DC0470729 /* Pods-Swift-CleanArchitectureTests.debug.xcconfig */ = {isa = PBXFileReference; includeInIndex = 1; lastKnownFileType = text.xcconfig; name = "Pods-Swift-CleanArchitectureTests.debug.xcconfig"; path = "Pods/Target Support Files/Pods-Swift-CleanArchitectureTests/Pods-Swift-CleanArchitectureTests.debug.xcconfig"; sourceTree = "<group>"; };
		60964A2962A45754DC748493 /* Pods-Swift-CleanArchitecture.release.xcconfig */ = {isa = PBXFileReference; includeInIndex = 1; lastKnownFileType = text.xcconfig; name = "Pods-Swift-CleanArchitecture.release.xcconfig"; path = "Pods/Target Support Files/Pods-Swift-CleanArchitecture/Pods-Swift-CleanArchitecture.release.xcconfig"; sourceTree = "<group>"; };
		8AB71F93F77E684A444B7722 /* Pods-Swift-CleanArchitecture.debug.xcconfig */ = {isa = PBXFileReference; includeInIndex = 1; lastKnownFileType = text.xcconfig; name = "Pods-Swift-CleanArchitecture.debug.xcconfig"; path = "Pods/Target Support Files/Pods-Swift-CleanArchitecture/Pods-Swift-CleanArchitecture.debug.xcconfig"; sourceTree = "<group>"; };
		D8B1C9BB6113D201C16A4F7F /* Pods_Swift_CleanArchitecture.framework */ = {isa = PBXFileReference; explicitFileType = wrapper.framework; includeInIndex = 0; path = Pods_Swift_CleanArchitecture.framework; sourceTree = BUILT_PRODUCTS_DIR; };
		F341F39F2A168950C9E0AD82 /* Pods-Swift-CleanArchitectureUITests.release.xcconfig */ = {isa = PBXFileReference; includeInIndex = 1; lastKnownFileType = text.xcconfig; name = "Pods-Swift-CleanArchitectureUITests.release.xcconfig"; path = "Pods/Target Support Files/Pods-Swift-CleanArchitectureUITests/Pods-Swift-CleanArchitectureUITests.release.xcconfig"; sourceTree = "<group>"; };
/* End PBXFileReference section */

/* Begin PBXFrameworksBuildPhase section */
		29ABDE6F1E0AABF50037109B /* Frameworks */ = {
			isa = PBXFrameworksBuildPhase;
			buildActionMask = 2147483647;
			files = (
				DA00117F4045697A40C2809A /* Pods_Swift_CleanArchitecture.framework in Frameworks */,
			);
			runOnlyForDeploymentPostprocessing = 0;
		};
		29ABDE831E0AABF50037109B /* Frameworks */ = {
			isa = PBXFrameworksBuildPhase;
			buildActionMask = 2147483647;
			files = (
				496610B12ABC5139BA174727 /* Pods_Swift_CleanArchitectureTests.framework in Frameworks */,
			);
			runOnlyForDeploymentPostprocessing = 0;
		};
		29ABDE8E1E0AABF50037109B /* Frameworks */ = {
			isa = PBXFrameworksBuildPhase;
			buildActionMask = 2147483647;
			files = (
				0A5E85615E135B397D1E6DBD /* Pods_Swift_CleanArchitectureUITests.framework in Frameworks */,
			);
			runOnlyForDeploymentPostprocessing = 0;
		};
/* End PBXFrameworksBuildPhase section */

/* Begin PBXGroup section */
		1972CC4029F5CC7640A24B7E /* Frameworks */ = {
			isa = PBXGroup;
			children = (
				D8B1C9BB6113D201C16A4F7F /* Pods_Swift_CleanArchitecture.framework */,
				135849D9EDD4246D38EC39CE /* Pods_Swift_CleanArchitectureTests.framework */,
				4784D741F383A6F5173B85A1 /* Pods_Swift_CleanArchitectureUITests.framework */,
			);
			name = Frameworks;
			sourceTree = "<group>";
		};
		29A909E11E0B3165000F6363 /* repository */ = {
			isa = PBXGroup;
			children = (
				29A909E41E0B31C5000F6363 /* UserDataRepository.swift */,
			);
			name = repository;
			sourceTree = "<group>";
		};
		29A909E21E0B316E000F6363 /* datastore */ = {
			isa = PBXGroup;
			children = (
				29A909E61E0B3231000F6363 /* UserDataStore.swift */,
				29A909E81E0B32DD000F6363 /* CloudUserDataStore.swift */,
				29A909EA1E0B336E000F6363 /* UserDataStoreFactory.swift */,
			);
			name = datastore;
			sourceTree = "<group>";
		};
		29A909E31E0B317A000F6363 /* net */ = {
			isa = PBXGroup;
			children = (
				29A909EC1E0B3443000F6363 /* RestApi.swift */,
				29A909EE1E0B3459000F6363 /* ApiConnection.swift */,
				29A909F01E0B34BF000F6363 /* RestApiImpl.swift */,
			);
			name = net;
			sourceTree = "<group>";
		};
		29ABDE691E0AABF50037109B = {
			isa = PBXGroup;
			children = (
				29ABDE741E0AABF50037109B /* Swift-CleanArchitecture */,
				29ABDE891E0AABF50037109B /* Swift-CleanArchitectureTests */,
				29ABDE941E0AABF50037109B /* Swift-CleanArchitectureUITests */,
				29ABDE731E0AABF50037109B /* Products */,
				CA6ECC6E95877361FE28EE11 /* Pods */,
				1972CC4029F5CC7640A24B7E /* Frameworks */,
			);
			sourceTree = "<group>";
		};
		29ABDE731E0AABF50037109B /* Products */ = {
			isa = PBXGroup;
			children = (
				29ABDE721E0AABF50037109B /* Swift-CleanArchitecture.app */,
				29ABDE861E0AABF50037109B /* Swift-CleanArchitectureTests.xctest */,
				29ABDE911E0AABF50037109B /* Swift-CleanArchitectureUITests.xctest */,
			);
			name = Products;
			sourceTree = "<group>";
		};
		29ABDE741E0AABF50037109B /* Swift-CleanArchitecture */ = {
			isa = PBXGroup;
			children = (
				29ABDEA51E0AC98C0037109B /* data */,
				29ABDEA41E0AC9800037109B /* domain */,
				29ABDEA31E0AC9750037109B /* presentation */,
				29ABDE751E0AABF50037109B /* AppDelegate.swift */,
				29ABDE791E0AABF50037109B /* Main.storyboard */,
				29ABDE7C1E0AABF50037109B /* Assets.xcassets */,
				29ABDE7E1E0AABF50037109B /* LaunchScreen.storyboard */,
				29ABDE811E0AABF50037109B /* Info.plist */,
			);
			path = "Swift-CleanArchitecture";
			sourceTree = "<group>";
		};
		29ABDE891E0AABF50037109B /* Swift-CleanArchitectureTests */ = {
			isa = PBXGroup;
			children = (
				29ABDE8A1E0AABF50037109B /* Swift_CleanArchitectureTests.swift */,
				29ABDE8C1E0AABF50037109B /* Info.plist */,
			);
			path = "Swift-CleanArchitectureTests";
			sourceTree = "<group>";
		};
		29ABDE941E0AABF50037109B /* Swift-CleanArchitectureUITests */ = {
			isa = PBXGroup;
			children = (
				29ABDE951E0AABF50037109B /* Swift_CleanArchitectureUITests.swift */,
				29ABDE971E0AABF50037109B /* Info.plist */,
			);
			path = "Swift-CleanArchitectureUITests";
			sourceTree = "<group>";
		};
		29ABDEA31E0AC9750037109B /* presentation */ = {
			isa = PBXGroup;
			children = (
				29ABDEA81E0AC9B20037109B /* presenter */,
				29ABDEA71E0AC9A00037109B /* view */,
				29ABDEA61E0AC9940037109B /* dependency injection */,
			);
			name = presentation;
			sourceTree = "<group>";
		};
		29ABDEA41E0AC9800037109B /* domain */ = {
			isa = PBXGroup;
			children = (
				29ABDEB51E0B20E40037109B /* interactor */,
				29ABDEB41E0B20DD0037109B /* model */,
				29ABDEB31E0B20C00037109B /* repository */,
			);
			name = domain;
			sourceTree = "<group>";
		};
		29ABDEA51E0AC98C0037109B /* data */ = {
			isa = PBXGroup;
			children = (
				29A909E31E0B317A000F6363 /* net */,
				29A909E21E0B316E000F6363 /* datastore */,
				29A909E11E0B3165000F6363 /* repository */,
			);
			name = data;
			sourceTree = "<group>";
		};
		29ABDEA61E0AC9940037109B /* dependency injection */ = {
			isa = PBXGroup;
			children = (
				29ABDEA91E0ACB940037109B /* ApplicationAssembly.swift */,
			);
			name = "dependency injection";
			sourceTree = "<group>";
		};
		29ABDEA71E0AC9A00037109B /* view */ = {
			isa = PBXGroup;
			children = (
				29ABDE771E0AABF50037109B /* ViewController.swift */,
				29ABDEAD1E0B18B90037109B /* LoadingDataView.swift */,
				29ABDEAF1E0B1B030037109B /* UserListView.swift */,
			);
			name = view;
			sourceTree = "<group>";
		};
		29ABDEA81E0AC9B20037109B /* presenter */ = {
			isa = PBXGroup;
			children = (
				29ABDEAB1E0AD1E40037109B /* UserListPresenter.swift */,
				29ABDEB11E0B1BA70037109B /* Presenter.swift */,
			);
			name = presenter;
			sourceTree = "<group>";
		};
		29ABDEB31E0B20C00037109B /* repository */ = {
			isa = PBXGroup;
			children = (
				29A909DB1E0B2595000F6363 /* UserRepository.swift */,
			);
			name = repository;
			sourceTree = "<group>";
		};
		29ABDEB41E0B20DD0037109B /* model */ = {
			isa = PBXGroup;
			children = (
				29ABDEB61E0B20F90037109B /* User.swift */,
			);
			name = model;
			sourceTree = "<group>";
		};
		29ABDEB51E0B20E40037109B /* interactor */ = {
			isa = PBXGroup;
			children = (
				29A909DD1E0B2744000F6363 /* UseCase.swift */,
				29A909DF1E0B3048000F6363 /* GetUserList.swift */,
				29A909F21E0B4185000F6363 /* DefaultSubscriber.swift */,
			);
			name = interactor;
			sourceTree = "<group>";
		};
		CA6ECC6E95877361FE28EE11 /* Pods */ = {
			isa = PBXGroup;
			children = (
				8AB71F93F77E684A444B7722 /* Pods-Swift-CleanArchitecture.debug.xcconfig */,
				60964A2962A45754DC748493 /* Pods-Swift-CleanArchitecture.release.xcconfig */,
				55BB2A2C9E7B080DC0470729 /* Pods-Swift-CleanArchitectureTests.debug.xcconfig */,
				1F69FDAFD6ACD3DAF73D0F4F /* Pods-Swift-CleanArchitectureTests.release.xcconfig */,
				48B0F14D1D5ACAC03439FD4C /* Pods-Swift-CleanArchitectureUITests.debug.xcconfig */,
				F341F39F2A168950C9E0AD82 /* Pods-Swift-CleanArchitectureUITests.release.xcconfig */,
			);
			name = Pods;
			sourceTree = "<group>";
		};
/* End PBXGroup section */

/* Begin PBXNativeTarget section */
		29ABDE711E0AABF50037109B /* Swift-CleanArchitecture */ = {
			isa = PBXNativeTarget;
			buildConfigurationList = 29ABDE9A1E0AABF50037109B /* Build configuration list for PBXNativeTarget "Swift-CleanArchitecture" */;
			buildPhases = (
				3A57AA290BF65EEED9F5A9D0 /* [CP] Check Pods Manifest.lock */,
				29ABDE6E1E0AABF50037109B /* Sources */,
				29ABDE6F1E0AABF50037109B /* Frameworks */,
				29ABDE701E0AABF50037109B /* Resources */,
				12A37C78A175D51AA8960DD3 /* [CP] Embed Pods Frameworks */,
				A5199DDBB688D69249432431 /* [CP] Copy Pods Resources */,
			);
			buildRules = (
			);
			dependencies = (
			);
			name = "Swift-CleanArchitecture";
			productName = "Swift-CleanArchitecture";
			productReference = 29ABDE721E0AABF50037109B /* Swift-CleanArchitecture.app */;
			productType = "com.apple.product-type.application";
		};
		29ABDE851E0AABF50037109B /* Swift-CleanArchitectureTests */ = {
			isa = PBXNativeTarget;
			buildConfigurationList = 29ABDE9D1E0AABF50037109B /* Build configuration list for PBXNativeTarget "Swift-CleanArchitectureTests" */;
			buildPhases = (
				08D821CB2A2286C939BC32B3 /* [CP] Check Pods Manifest.lock */,
				29ABDE821E0AABF50037109B /* Sources */,
				29ABDE831E0AABF50037109B /* Frameworks */,
				29ABDE841E0AABF50037109B /* Resources */,
				E8EE78C6FD2FD71E85568EF1 /* [CP] Embed Pods Frameworks */,
				F7E3A8657735CD9495093575 /* [CP] Copy Pods Resources */,
			);
			buildRules = (
			);
			dependencies = (
				29ABDE881E0AABF50037109B /* PBXTargetDependency */,
			);
			name = "Swift-CleanArchitectureTests";
			productName = "Swift-CleanArchitectureTests";
			productReference = 29ABDE861E0AABF50037109B /* Swift-CleanArchitectureTests.xctest */;
			productType = "com.apple.product-type.bundle.unit-test";
		};
		29ABDE901E0AABF50037109B /* Swift-CleanArchitectureUITests */ = {
			isa = PBXNativeTarget;
			buildConfigurationList = 29ABDEA01E0AABF50037109B /* Build configuration list for PBXNativeTarget "Swift-CleanArchitectureUITests" */;
			buildPhases = (
				415346A479238F114D1534ED /* [CP] Check Pods Manifest.lock */,
				29ABDE8D1E0AABF50037109B /* Sources */,
				29ABDE8E1E0AABF50037109B /* Frameworks */,
				29ABDE8F1E0AABF50037109B /* Resources */,
				338ED027C986381B6A266E73 /* [CP] Embed Pods Frameworks */,
				46362029ACD514C7061C8E4F /* [CP] Copy Pods Resources */,
			);
			buildRules = (
			);
			dependencies = (
				29ABDE931E0AABF50037109B /* PBXTargetDependency */,
			);
			name = "Swift-CleanArchitectureUITests";
			productName = "Swift-CleanArchitectureUITests";
			productReference = 29ABDE911E0AABF50037109B /* Swift-CleanArchitectureUITests.xctest */;
			productType = "com.apple.product-type.bundle.ui-testing";
		};
/* End PBXNativeTarget section */

/* Begin PBXProject section */
		29ABDE6A1E0AABF50037109B /* Project object */ = {
			isa = PBXProject;
			attributes = {
				LastSwiftUpdateCheck = 0800;
				LastUpgradeCheck = 0800;
				ORGANIZATIONNAME = "Khaled Hashish";
				TargetAttributes = {
					29ABDE711E0AABF50037109B = {
						CreatedOnToolsVersion = 8.0;
						ProvisioningStyle = Automatic;
					};
					29ABDE851E0AABF50037109B = {
						CreatedOnToolsVersion = 8.0;
						ProvisioningStyle = Automatic;
						TestTargetID = 29ABDE711E0AABF50037109B;
					};
					29ABDE901E0AABF50037109B = {
						CreatedOnToolsVersion = 8.0;
						ProvisioningStyle = Automatic;
						TestTargetID = 29ABDE711E0AABF50037109B;
					};
				};
			};
			buildConfigurationList = 29ABDE6D1E0AABF50037109B /* Build configuration list for PBXProject "Swift-CleanArchitecture" */;
			compatibilityVersion = "Xcode 3.2";
			developmentRegion = English;
			hasScannedForEncodings = 0;
			knownRegions = (
				en,
				Base,
			);
			mainGroup = 29ABDE691E0AABF50037109B;
			productRefGroup = 29ABDE731E0AABF50037109B /* Products */;
			projectDirPath = "";
			projectRoot = "";
			targets = (
				29ABDE711E0AABF50037109B /* Swift-CleanArchitecture */,
				29ABDE851E0AABF50037109B /* Swift-CleanArchitectureTests */,
				29ABDE901E0AABF50037109B /* Swift-CleanArchitectureUITests */,
			);
		};
/* End PBXProject section */

/* Begin PBXResourcesBuildPhase section */
		29ABDE701E0AABF50037109B /* Resources */ = {
			isa = PBXResourcesBuildPhase;
			buildActionMask = 2147483647;
			files = (
				29ABDE801E0AABF50037109B /* LaunchScreen.storyboard in Resources */,
				29ABDE7D1E0AABF50037109B /* Assets.xcassets in Resources */,
				29ABDE7B1E0AABF50037109B /* Main.storyboard in Resources */,
			);
			runOnlyForDeploymentPostprocessing = 0;
		};
		29ABDE841E0AABF50037109B /* Resources */ = {
			isa = PBXResourcesBuildPhase;
			buildActionMask = 2147483647;
			files = (
			);
			runOnlyForDeploymentPostprocessing = 0;
		};
		29ABDE8F1E0AABF50037109B /* Resources */ = {
			isa = PBXResourcesBuildPhase;
			buildActionMask = 2147483647;
			files = (
			);
			runOnlyForDeploymentPostprocessing = 0;
		};
/* End PBXResourcesBuildPhase section */

/* Begin PBXShellScriptBuildPhase section */
		08D821CB2A2286C939BC32B3 /* [CP] Check Pods Manifest.lock */ = {
			isa = PBXShellScriptBuildPhase;
			buildActionMask = 2147483647;
			files = (
			);
			inputPaths = (
			);
			name = "[CP] Check Pods Manifest.lock";
			outputPaths = (
			);
			runOnlyForDeploymentPostprocessing = 0;
			shellPath = /bin/sh;
			shellScript = "diff \"${PODS_ROOT}/../Podfile.lock\" \"${PODS_ROOT}/Manifest.lock\" > /dev/null\nif [ $? != 0 ] ; then\n    # print error to STDERR\n    echo \"error: The sandbox is not in sync with the Podfile.lock. Run 'pod install' or update your CocoaPods installation.\" >&2\n    exit 1\nfi\n";
			showEnvVarsInLog = 0;
		};
		12A37C78A175D51AA8960DD3 /* [CP] Embed Pods Frameworks */ = {
			isa = PBXShellScriptBuildPhase;
			buildActionMask = 2147483647;
			files = (
			);
			inputPaths = (
			);
			name = "[CP] Embed Pods Frameworks";
			outputPaths = (
			);
			runOnlyForDeploymentPostprocessing = 0;
			shellPath = /bin/sh;
			shellScript = "\"${SRCROOT}/Pods/Target Support Files/Pods-Swift-CleanArchitecture/Pods-Swift-CleanArchitecture-frameworks.sh\"\n";
			showEnvVarsInLog = 0;
		};
		338ED027C986381B6A266E73 /* [CP] Embed Pods Frameworks */ = {
			isa = PBXShellScriptBuildPhase;
			buildActionMask = 2147483647;
			files = (
			);
			inputPaths = (
			);
			name = "[CP] Embed Pods Frameworks";
			outputPaths = (
			);
			runOnlyForDeploymentPostprocessing = 0;
			shellPath = /bin/sh;
			shellScript = "\"${SRCROOT}/Pods/Target Support Files/Pods-Swift-CleanArchitectureUITests/Pods-Swift-CleanArchitectureUITests-frameworks.sh\"\n";
			showEnvVarsInLog = 0;
		};
		3A57AA290BF65EEED9F5A9D0 /* [CP] Check Pods Manifest.lock */ = {
			isa = PBXShellScriptBuildPhase;
			buildActionMask = 2147483647;
			files = (
			);
			inputPaths = (
			);
			name = "[CP] Check Pods Manifest.lock";
			outputPaths = (
			);
			runOnlyForDeploymentPostprocessing = 0;
			shellPath = /bin/sh;
			shellScript = "diff \"${PODS_ROOT}/../Podfile.lock\" \"${PODS_ROOT}/Manifest.lock\" > /dev/null\nif [ $? != 0 ] ; then\n    # print error to STDERR\n    echo \"error: The sandbox is not in sync with the Podfile.lock. Run 'pod install' or update your CocoaPods installation.\" >&2\n    exit 1\nfi\n";
			showEnvVarsInLog = 0;
		};
		415346A479238F114D1534ED /* [CP] Check Pods Manifest.lock */ = {
			isa = PBXShellScriptBuildPhase;
			buildActionMask = 2147483647;
			files = (
			);
			inputPaths = (
			);
			name = "[CP] Check Pods Manifest.lock";
			outputPaths = (
			);
			runOnlyForDeploymentPostprocessing = 0;
			shellPath = /bin/sh;
			shellScript = "diff \"${PODS_ROOT}/../Podfile.lock\" \"${PODS_ROOT}/Manifest.lock\" > /dev/null\nif [ $? != 0 ] ; then\n    # print error to STDERR\n    echo \"error: The sandbox is not in sync with the Podfile.lock. Run 'pod install' or update your CocoaPods installation.\" >&2\n    exit 1\nfi\n";
			showEnvVarsInLog = 0;
		};
		46362029ACD514C7061C8E4F /* [CP] Copy Pods Resources */ = {
			isa = PBXShellScriptBuildPhase;
			buildActionMask = 2147483647;
			files = (
			);
			inputPaths = (
			);
			name = "[CP] Copy Pods Resources";
			outputPaths = (
			);
			runOnlyForDeploymentPostprocessing = 0;
			shellPath = /bin/sh;
			shellScript = "\"${SRCROOT}/Pods/Target Support Files/Pods-Swift-CleanArchitectureUITests/Pods-Swift-CleanArchitectureUITests-resources.sh\"\n";
			showEnvVarsInLog = 0;
		};
		A5199DDBB688D69249432431 /* [CP] Copy Pods Resources */ = {
			isa = PBXShellScriptBuildPhase;
			buildActionMask = 2147483647;
			files = (
			);
			inputPaths = (
			);
			name = "[CP] Copy Pods Resources";
			outputPaths = (
			);
			runOnlyForDeploymentPostprocessing = 0;
			shellPath = /bin/sh;
			shellScript = "\"${SRCROOT}/Pods/Target Support Files/Pods-Swift-CleanArchitecture/Pods-Swift-CleanArchitecture-resources.sh\"\n";
			showEnvVarsInLog = 0;
		};
		E8EE78C6FD2FD71E85568EF1 /* [CP] Embed Pods Frameworks */ = {
			isa = PBXShellScriptBuildPhase;
			buildActionMask = 2147483647;
			files = (
			);
			inputPaths = (
			);
			name = "[CP] Embed Pods Frameworks";
			outputPaths = (
			);
			runOnlyForDeploymentPostprocessing = 0;
			shellPath = /bin/sh;
			shellScript = "\"${SRCROOT}/Pods/Target Support Files/Pods-Swift-CleanArchitectureTests/Pods-Swift-CleanArchitectureTests-frameworks.sh\"\n";
			showEnvVarsInLog = 0;
		};
		F7E3A8657735CD9495093575 /* [CP] Copy Pods Resources */ = {
			isa = PBXShellScriptBuildPhase;
			buildActionMask = 2147483647;
			files = (
			);
			inputPaths = (
			);
			name = "[CP] Copy Pods Resources";
			outputPaths = (
			);
			runOnlyForDeploymentPostprocessing = 0;
			shellPath = /bin/sh;
			shellScript = "\"${SRCROOT}/Pods/Target Support Files/Pods-Swift-CleanArchitectureTests/Pods-Swift-CleanArchitectureTests-resources.sh\"\n";
			showEnvVarsInLog = 0;
		};
/* End PBXShellScriptBuildPhase section */

/* Begin PBXSourcesBuildPhase section */
		29ABDE6E1E0AABF50037109B /* Sources */ = {
			isa = PBXSourcesBuildPhase;
			buildActionMask = 2147483647;
			files = (
				29A909ED1E0B3443000F6363 /* RestApi.swift in Sources */,
				29A909F31E0B4185000F6363 /* DefaultSubscriber.swift in Sources */,
				29A909EF1E0B3459000F6363 /* ApiConnection.swift in Sources */,
				29A909F11E0B34BF000F6363 /* RestApiImpl.swift in Sources */,
				29ABDE781E0AABF50037109B /* ViewController.swift in Sources */,
				29A909E01E0B3048000F6363 /* GetUserList.swift in Sources */,
				29ABDEB21E0B1BA70037109B /* Presenter.swift in Sources */,
				29A909EB1E0B336E000F6363 /* UserDataStoreFactory.swift in Sources */,
				29A909DC1E0B2595000F6363 /* UserRepository.swift in Sources */,
				29ABDEB01E0B1B030037109B /* UserListView.swift in Sources */,
				29ABDEAE1E0B18B90037109B /* LoadingDataView.swift in Sources */,
				29A909E91E0B32DD000F6363 /* CloudUserDataStore.swift in Sources */,
				29A909DE1E0B2744000F6363 /* UseCase.swift in Sources */,
				29ABDEB71E0B20F90037109B /* User.swift in Sources */,
				29A909E51E0B31C5000F6363 /* UserDataRepository.swift in Sources */,
				29ABDEAC1E0AD1E40037109B /* UserListPresenter.swift in Sources */,
				29ABDEAA1E0ACB940037109B /* ApplicationAssembly.swift in Sources */,
				29ABDE761E0AABF50037109B /* AppDelegate.swift in Sources */,
				29A909E71E0B3231000F6363 /* UserDataStore.swift in Sources */,
			);
			runOnlyForDeploymentPostprocessing = 0;
		};
		29ABDE821E0AABF50037109B /* Sources */ = {
			isa = PBXSourcesBuildPhase;
			buildActionMask = 2147483647;
			files = (
				29ABDE8B1E0AABF50037109B /* Swift_CleanArchitectureTests.swift in Sources */,
			);
			runOnlyForDeploymentPostprocessing = 0;
		};
		29ABDE8D1E0AABF50037109B /* Sources */ = {
			isa = PBXSourcesBuildPhase;
			buildActionMask = 2147483647;
			files = (
				29ABDE961E0AABF50037109B /* Swift_CleanArchitectureUITests.swift in Sources */,
			);
			runOnlyForDeploymentPostprocessing = 0;
		};
/* End PBXSourcesBuildPhase section */

/* Begin PBXTargetDependency section */
		29ABDE881E0AABF50037109B /* PBXTargetDependency */ = {
			isa = PBXTargetDependency;
			target = 29ABDE711E0AABF50037109B /* Swift-CleanArchitecture */;
			targetProxy = 29ABDE871E0AABF50037109B /* PBXContainerItemProxy */;
		};
		29ABDE931E0AABF50037109B /* PBXTargetDependency */ = {
			isa = PBXTargetDependency;
			target = 29ABDE711E0AABF50037109B /* Swift-CleanArchitecture */;
			targetProxy = 29ABDE921E0AABF50037109B /* PBXContainerItemProxy */;
		};
/* End PBXTargetDependency section */

/* Begin PBXVariantGroup section */
		29ABDE791E0AABF50037109B /* Main.storyboard */ = {
			isa = PBXVariantGroup;
			children = (
				29ABDE7A1E0AABF50037109B /* Base */,
			);
			name = Main.storyboard;
			sourceTree = "<group>";
		};
		29ABDE7E1E0AABF50037109B /* LaunchScreen.storyboard */ = {
			isa = PBXVariantGroup;
			children = (
				29ABDE7F1E0AABF50037109B /* Base */,
			);
			name = LaunchScreen.storyboard;
			sourceTree = "<group>";
		};
/* End PBXVariantGroup section */

/* Begin XCBuildConfiguration section */
		29ABDE981E0AABF50037109B /* Debug */ = {
			isa = XCBuildConfiguration;
			buildSettings = {
				ALWAYS_SEARCH_USER_PATHS = NO;
				CLANG_ANALYZER_NONNULL = YES;
				CLANG_CXX_LANGUAGE_STANDARD = "gnu++0x";
				CLANG_CXX_LIBRARY = "libc++";
				CLANG_ENABLE_MODULES = YES;
				CLANG_ENABLE_OBJC_ARC = YES;
				CLANG_WARN_BOOL_CONVERSION = YES;
				CLANG_WARN_CONSTANT_CONVERSION = YES;
				CLANG_WARN_DIRECT_OBJC_ISA_USAGE = YES_ERROR;
				CLANG_WARN_DOCUMENTATION_COMMENTS = YES;
				CLANG_WARN_EMPTY_BODY = YES;
				CLANG_WARN_ENUM_CONVERSION = YES;
				CLANG_WARN_INFINITE_RECURSION = YES;
				CLANG_WARN_INT_CONVERSION = YES;
				CLANG_WARN_OBJC_ROOT_CLASS = YES_ERROR;
				CLANG_WARN_SUSPICIOUS_MOVES = YES;
				CLANG_WARN_UNREACHABLE_CODE = YES;
				CLANG_WARN__DUPLICATE_METHOD_MATCH = YES;
				"CODE_SIGN_IDENTITY[sdk=iphoneos*]" = "iPhone Developer";
				COPY_PHASE_STRIP = NO;
				DEBUG_INFORMATION_FORMAT = dwarf;
				ENABLE_STRICT_OBJC_MSGSEND = YES;
				ENABLE_TESTABILITY = YES;
				GCC_C_LANGUAGE_STANDARD = gnu99;
				GCC_DYNAMIC_NO_PIC = NO;
				GCC_NO_COMMON_BLOCKS = YES;
				GCC_OPTIMIZATION_LEVEL = 0;
				GCC_PREPROCESSOR_DEFINITIONS = (
					"DEBUG=1",
					"$(inherited)",
				);
				GCC_WARN_64_TO_32_BIT_CONVERSION = YES;
				GCC_WARN_ABOUT_RETURN_TYPE = YES_ERROR;
				GCC_WARN_UNDECLARED_SELECTOR = YES;
				GCC_WARN_UNINITIALIZED_AUTOS = YES_AGGRESSIVE;
				GCC_WARN_UNUSED_FUNCTION = YES;
				GCC_WARN_UNUSED_VARIABLE = YES;
				IPHONEOS_DEPLOYMENT_TARGET = 10.0;
				MTL_ENABLE_DEBUG_INFO = YES;
				ONLY_ACTIVE_ARCH = YES;
				SDKROOT = iphoneos;
				SWIFT_ACTIVE_COMPILATION_CONDITIONS = DEBUG;
				SWIFT_OPTIMIZATION_LEVEL = "-Onone";
				TARGETED_DEVICE_FAMILY = "1,2";
			};
			name = Debug;
		};
		29ABDE991E0AABF50037109B /* Release */ = {
			isa = XCBuildConfiguration;
			buildSettings = {
				ALWAYS_SEARCH_USER_PATHS = NO;
				CLANG_ANALYZER_NONNULL = YES;
				CLANG_CXX_LANGUAGE_STANDARD = "gnu++0x";
				CLANG_CXX_LIBRARY = "libc++";
				CLANG_ENABLE_MODULES = YES;
				CLANG_ENABLE_OBJC_ARC = YES;
				CLANG_WARN_BOOL_CONVERSION = YES;
				CLANG_WARN_CONSTANT_CONVERSION = YES;
				CLANG_WARN_DIRECT_OBJC_ISA_USAGE = YES_ERROR;
				CLANG_WARN_DOCUMENTATION_COMMENTS = YES;
				CLANG_WARN_EMPTY_BODY = YES;
				CLANG_WARN_ENUM_CONVERSION = YES;
				CLANG_WARN_INFINITE_RECURSION = YES;
				CLANG_WARN_INT_CONVERSION = YES;
				CLANG_WARN_OBJC_ROOT_CLASS = YES_ERROR;
				CLANG_WARN_SUSPICIOUS_MOVES = YES;
				CLANG_WARN_UNREACHABLE_CODE = YES;
				CLANG_WARN__DUPLICATE_METHOD_MATCH = YES;
				"CODE_SIGN_IDENTITY[sdk=iphoneos*]" = "iPhone Developer";
				COPY_PHASE_STRIP = NO;
				DEBUG_INFORMATION_FORMAT = "dwarf-with-dsym";
				ENABLE_NS_ASSERTIONS = NO;
				ENABLE_STRICT_OBJC_MSGSEND = YES;
				GCC_C_LANGUAGE_STANDARD = gnu99;
				GCC_NO_COMMON_BLOCKS = YES;
				GCC_WARN_64_TO_32_BIT_CONVERSION = YES;
				GCC_WARN_ABOUT_RETURN_TYPE = YES_ERROR;
				GCC_WARN_UNDECLARED_SELECTOR = YES;
				GCC_WARN_UNINITIALIZED_AUTOS = YES_AGGRESSIVE;
				GCC_WARN_UNUSED_FUNCTION = YES;
				GCC_WARN_UNUSED_VARIABLE = YES;
				IPHONEOS_DEPLOYMENT_TARGET = 10.0;
				MTL_ENABLE_DEBUG_INFO = NO;
				SDKROOT = iphoneos;
				SWIFT_OPTIMIZATION_LEVEL = "-Owholemodule";
				TARGETED_DEVICE_FAMILY = "1,2";
				VALIDATE_PRODUCT = YES;
			};
			name = Release;
		};
		29ABDE9B1E0AABF50037109B /* Debug */ = {
			isa = XCBuildConfiguration;
			baseConfigurationReference = 8AB71F93F77E684A444B7722 /* Pods-Swift-CleanArchitecture.debug.xcconfig */;
			buildSettings = {
				ASSETCATALOG_COMPILER_APPICON_NAME = AppIcon;
				INFOPLIST_FILE = "Swift-CleanArchitecture/Info.plist";
				LD_RUNPATH_SEARCH_PATHS = "$(inherited) @executable_path/Frameworks";
				PRODUCT_BUNDLE_IDENTIFIER = "khashish.Swift-CleanArchitecture";
				PRODUCT_NAME = "$(TARGET_NAME)";
				SWIFT_VERSION = 3.0;
			};
			name = Debug;
		};
		29ABDE9C1E0AABF50037109B /* Release */ = {
			isa = XCBuildConfiguration;
			baseConfigurationReference = 60964A2962A45754DC748493 /* Pods-Swift-CleanArchitecture.release.xcconfig */;
			buildSettings = {
				ASSETCATALOG_COMPILER_APPICON_NAME = AppIcon;
				INFOPLIST_FILE = "Swift-CleanArchitecture/Info.plist";
				LD_RUNPATH_SEARCH_PATHS = "$(inherited) @executable_path/Frameworks";
				PRODUCT_BUNDLE_IDENTIFIER = "khashish.Swift-CleanArchitecture";
				PRODUCT_NAME = "$(TARGET_NAME)";
				SWIFT_VERSION = 3.0;
			};
			name = Release;
		};
		29ABDE9E1E0AABF50037109B /* Debug */ = {
			isa = XCBuildConfiguration;
			baseConfigurationReference = 55BB2A2C9E7B080DC0470729 /* Pods-Swift-CleanArchitectureTests.debug.xcconfig */;
			buildSettings = {
				ALWAYS_EMBED_SWIFT_STANDARD_LIBRARIES = YES;
				BUNDLE_LOADER = "$(TEST_HOST)";
				INFOPLIST_FILE = "Swift-CleanArchitectureTests/Info.plist";
				LD_RUNPATH_SEARCH_PATHS = "$(inherited) @executable_path/Frameworks @loader_path/Frameworks";
				PRODUCT_BUNDLE_IDENTIFIER = "khashish.Swift-CleanArchitectureTests";
				PRODUCT_NAME = "$(TARGET_NAME)";
				SWIFT_VERSION = 3.0;
				TEST_HOST = "$(BUILT_PRODUCTS_DIR)/Swift-CleanArchitecture.app/Swift-CleanArchitecture";
			};
			name = Debug;
		};
		29ABDE9F1E0AABF50037109B /* Release */ = {
			isa = XCBuildConfiguration;
			baseConfigurationReference = 1F69FDAFD6ACD3DAF73D0F4F /* Pods-Swift-CleanArchitectureTests.release.xcconfig */;
			buildSettings = {
				ALWAYS_EMBED_SWIFT_STANDARD_LIBRARIES = YES;
				BUNDLE_LOADER = "$(TEST_HOST)";
				INFOPLIST_FILE = "Swift-CleanArchitectureTests/Info.plist";
				LD_RUNPATH_SEARCH_PATHS = "$(inherited) @executable_path/Frameworks @loader_path/Frameworks";
				PRODUCT_BUNDLE_IDENTIFIER = "khashish.Swift-CleanArchitectureTests";
				PRODUCT_NAME = "$(TARGET_NAME)";
				SWIFT_VERSION = 3.0;
				TEST_HOST = "$(BUILT_PRODUCTS_DIR)/Swift-CleanArchitecture.app/Swift-CleanArchitecture";
			};
			name = Release;
		};
		29ABDEA11E0AABF50037109B /* Debug */ = {
			isa = XCBuildConfiguration;
			baseConfigurationReference = 48B0F14D1D5ACAC03439FD4C /* Pods-Swift-CleanArchitectureUITests.debug.xcconfig */;
			buildSettings = {
				ALWAYS_EMBED_SWIFT_STANDARD_LIBRARIES = YES;
				INFOPLIST_FILE = "Swift-CleanArchitectureUITests/Info.plist";
				LD_RUNPATH_SEARCH_PATHS = "$(inherited) @executable_path/Frameworks @loader_path/Frameworks";
				PRODUCT_BUNDLE_IDENTIFIER = "khashish.Swift-CleanArchitectureUITests";
				PRODUCT_NAME = "$(TARGET_NAME)";
				SWIFT_VERSION = 3.0;
				TEST_TARGET_NAME = "Swift-CleanArchitecture";
			};
			name = Debug;
		};
		29ABDEA21E0AABF50037109B /* Release */ = {
			isa = XCBuildConfiguration;
			baseConfigurationReference = F341F39F2A168950C9E0AD82 /* Pods-Swift-CleanArchitectureUITests.release.xcconfig */;
			buildSettings = {
				ALWAYS_EMBED_SWIFT_STANDARD_LIBRARIES = YES;
				INFOPLIST_FILE = "Swift-CleanArchitectureUITests/Info.plist";
				LD_RUNPATH_SEARCH_PATHS = "$(inherited) @executable_path/Frameworks @loader_path/Frameworks";
				PRODUCT_BUNDLE_IDENTIFIER = "khashish.Swift-CleanArchitectureUITests";
				PRODUCT_NAME = "$(TARGET_NAME)";
				SWIFT_VERSION = 3.0;
				TEST_TARGET_NAME = "Swift-CleanArchitecture";
			};
			name = Release;
		};
/* End XCBuildConfiguration section */

/* Begin XCConfigurationList section */
		29ABDE6D1E0AABF50037109B /* Build configuration list for PBXProject "Swift-CleanArchitecture" */ = {
			isa = XCConfigurationList;
			buildConfigurations = (
				29ABDE981E0AABF50037109B /* Debug */,
				29ABDE991E0AABF50037109B /* Release */,
			);
			defaultConfigurationIsVisible = 0;
			defaultConfigurationName = Release;
		};
		29ABDE9A1E0AABF50037109B /* Build configuration list for PBXNativeTarget "Swift-CleanArchitecture" */ = {
			isa = XCConfigurationList;
			buildConfigurations = (
				29ABDE9B1E0AABF50037109B /* Debug */,
				29ABDE9C1E0AABF50037109B /* Release */,
			);
			defaultConfigurationIsVisible = 0;
			defaultConfigurationName = Release;
		};
		29ABDE9D1E0AABF50037109B /* Build configuration list for PBXNativeTarget "Swift-CleanArchitectureTests" */ = {
			isa = XCConfigurationList;
			buildConfigurations = (
				29ABDE9E1E0AABF50037109B /* Debug */,
				29ABDE9F1E0AABF50037109B /* Release */,
			);
			defaultConfigurationIsVisible = 0;
			defaultConfigurationName = Release;
		};
		29ABDEA01E0AABF50037109B /* Build configuration list for PBXNativeTarget "Swift-CleanArchitectureUITests" */ = {
			isa = XCConfigurationList;
			buildConfigurations = (
				29ABDEA11E0AABF50037109B /* Debug */,
				29ABDEA21E0AABF50037109B /* Release */,
			);
			defaultConfigurationIsVisible = 0;
			defaultConfigurationName = Release;
		};
/* End XCConfigurationList section */
	};
	rootObject = 29ABDE6A1E0AABF50037109B /* Project object */;
}
